// !$*UTF8*$!
{
	archiveVersion = 1;
	classes = {
	};
	objectVersion = 51;
	objects = {

/* Begin PBXBuildFile section */
		44AE6B612530512400B22D3B /* StorageManager.swift in Sources */ = {isa = PBXBuildFile; fileRef = 44AE6B602530512400B22D3B /* StorageManager.swift */; };
		44AE6B6325382BCB00B22D3B /* RatingControl.swift in Sources */ = {isa = PBXBuildFile; fileRef = 44AE6B6225382BCB00B22D3B /* RatingControl.swift */; };
		44B1855225387C830096CAD5 /* MapViewController.swift in Sources */ = {isa = PBXBuildFile; fileRef = 44B1855125387C820096CAD5 /* MapViewController.swift */; };
		44DAB4BD252B434900D7A883 /* AppDelegate.swift in Sources */ = {isa = PBXBuildFile; fileRef = 44DAB4BC252B434900D7A883 /* AppDelegate.swift */; };
		44DAB4BF252B434900D7A883 /* SceneDelegate.swift in Sources */ = {isa = PBXBuildFile; fileRef = 44DAB4BE252B434900D7A883 /* SceneDelegate.swift */; };
		44DAB4C4252B434A00D7A883 /* Main.storyboard in Resources */ = {isa = PBXBuildFile; fileRef = 44DAB4C2252B434A00D7A883 /* Main.storyboard */; };
		44DAB4C6252B434C00D7A883 /* Assets.xcassets in Resources */ = {isa = PBXBuildFile; fileRef = 44DAB4C5252B434C00D7A883 /* Assets.xcassets */; };
		44DAB4C9252B434C00D7A883 /* LaunchScreen.storyboard in Resources */ = {isa = PBXBuildFile; fileRef = 44DAB4C7252B434C00D7A883 /* LaunchScreen.storyboard */; };
		44DAB4D1252B472800D7A883 /* MainViewController.swift in Sources */ = {isa = PBXBuildFile; fileRef = 44DAB4D0252B472800D7A883 /* MainViewController.swift */; };
		44DAB4D3252C5D4F00D7A883 /* CustomTableViewCell.swift in Sources */ = {isa = PBXBuildFile; fileRef = 44DAB4D2252C5D4F00D7A883 /* CustomTableViewCell.swift */; };
		44DAB4D5252C635300D7A883 /* PlaceModel.swift in Sources */ = {isa = PBXBuildFile; fileRef = 44DAB4D4252C635300D7A883 /* PlaceModel.swift */; };
		44DAB4D7252C923200D7A883 /* NewPlaceViewController.swift in Sources */ = {isa = PBXBuildFile; fileRef = 44DAB4D6252C923200D7A883 /* NewPlaceViewController.swift */; };
		D8CEA05B5AA961E0ECFF45D4 /* Pods_MyPleces.framework in Frameworks */ = {isa = PBXBuildFile; fileRef = C13927D1B423C69C6346FF53 /* Pods_MyPleces.framework */; };
/* End PBXBuildFile section */

/* Begin PBXFileReference section */
		2DFFBD1A25C7E67CD9BEC07C /* Pods-MyPleces.release.xcconfig */ = {isa = PBXFileReference; includeInIndex = 1; lastKnownFileType = text.xcconfig; name = "Pods-MyPleces.release.xcconfig"; path = "Target Support Files/Pods-MyPleces/Pods-MyPleces.release.xcconfig"; sourceTree = "<group>"; };
		44AE6B602530512400B22D3B /* StorageManager.swift */ = {isa = PBXFileReference; lastKnownFileType = sourcecode.swift; path = StorageManager.swift; sourceTree = "<group>"; };
		44AE6B6225382BCB00B22D3B /* RatingControl.swift */ = {isa = PBXFileReference; lastKnownFileType = sourcecode.swift; path = RatingControl.swift; sourceTree = "<group>"; };
		44B1855125387C820096CAD5 /* MapViewController.swift */ = {isa = PBXFileReference; lastKnownFileType = sourcecode.swift; path = MapViewController.swift; sourceTree = "<group>"; };
		44DAB4B9252B434900D7A883 /* MyPleces.app */ = {isa = PBXFileReference; explicitFileType = wrapper.application; includeInIndex = 0; path = MyPleces.app; sourceTree = BUILT_PRODUCTS_DIR; };
		44DAB4BC252B434900D7A883 /* AppDelegate.swift */ = {isa = PBXFileReference; lastKnownFileType = sourcecode.swift; path = AppDelegate.swift; sourceTree = "<group>"; };
		44DAB4BE252B434900D7A883 /* SceneDelegate.swift */ = {isa = PBXFileReference; lastKnownFileType = sourcecode.swift; path = SceneDelegate.swift; sourceTree = "<group>"; };
		44DAB4C3252B434A00D7A883 /* Base */ = {isa = PBXFileReference; lastKnownFileType = file.storyboard; name = Base; path = Base.lproj/Main.storyboard; sourceTree = "<group>"; };
		44DAB4C5252B434C00D7A883 /* Assets.xcassets */ = {isa = PBXFileReference; lastKnownFileType = folder.assetcatalog; path = Assets.xcassets; sourceTree = "<group>"; };
		44DAB4C8252B434C00D7A883 /* Base */ = {isa = PBXFileReference; lastKnownFileType = file.storyboard; name = Base; path = Base.lproj/LaunchScreen.storyboard; sourceTree = "<group>"; };
		44DAB4CA252B434C00D7A883 /* Info.plist */ = {isa = PBXFileReference; lastKnownFileType = text.plist.xml; path = Info.plist; sourceTree = "<group>"; };
		44DAB4D0252B472800D7A883 /* MainViewController.swift */ = {isa = PBXFileReference; lastKnownFileType = sourcecode.swift; path = MainViewController.swift; sourceTree = "<group>"; };
		44DAB4D2252C5D4F00D7A883 /* CustomTableViewCell.swift */ = {isa = PBXFileReference; lastKnownFileType = sourcecode.swift; path = CustomTableViewCell.swift; sourceTree = "<group>"; };
		44DAB4D4252C635300D7A883 /* PlaceModel.swift */ = {isa = PBXFileReference; lastKnownFileType = sourcecode.swift; path = PlaceModel.swift; sourceTree = "<group>"; };
		44DAB4D6252C923200D7A883 /* NewPlaceViewController.swift */ = {isa = PBXFileReference; lastKnownFileType = sourcecode.swift; path = NewPlaceViewController.swift; sourceTree = "<group>"; };
		87B07496E20AC1DA4F197B97 /* Pods-MyPleces.debug.xcconfig */ = {isa = PBXFileReference; includeInIndex = 1; lastKnownFileType = text.xcconfig; name = "Pods-MyPleces.debug.xcconfig"; path = "Target Support Files/Pods-MyPleces/Pods-MyPleces.debug.xcconfig"; sourceTree = "<group>"; };
		C13927D1B423C69C6346FF53 /* Pods_MyPleces.framework */ = {isa = PBXFileReference; explicitFileType = wrapper.framework; includeInIndex = 0; path = Pods_MyPleces.framework; sourceTree = BUILT_PRODUCTS_DIR; };
/* End PBXFileReference section */

/* Begin PBXFrameworksBuildPhase section */
		44DAB4B6252B434900D7A883 /* Frameworks */ = {
			isa = PBXFrameworksBuildPhase;
			buildActionMask = 2147483647;
			files = (
				D8CEA05B5AA961E0ECFF45D4 /* Pods_MyPleces.framework in Frameworks */,
			);
			runOnlyForDeploymentPostprocessing = 0;
		};
/* End PBXFrameworksBuildPhase section */

/* Begin PBXGroup section */
		44DAB4B0252B434900D7A883 = {
			isa = PBXGroup;
			children = (
				44DAB4BB252B434900D7A883 /* MyPleces */,
				44DAB4BA252B434900D7A883 /* Products */,
				F3A7703F92F0E046D4D9CCD9 /* Pods */,
				57DD42328299B317C15E05EF /* Frameworks */,
			);
			sourceTree = "<group>";
		};
		44DAB4BA252B434900D7A883 /* Products */ = {
			isa = PBXGroup;
			children = (
				44DAB4B9252B434900D7A883 /* MyPleces.app */,
			);
			name = Products;
			sourceTree = "<group>";
		};
		44DAB4BB252B434900D7A883 /* MyPleces */ = {
			isa = PBXGroup;
			children = (
				44DAB4BC252B434900D7A883 /* AppDelegate.swift */,
				44DAB4BE252B434900D7A883 /* SceneDelegate.swift */,
				44DAB4D0252B472800D7A883 /* MainViewController.swift */,
				44DAB4D6252C923200D7A883 /* NewPlaceViewController.swift */,
				44B1855125387C820096CAD5 /* MapViewController.swift */,
				44DAB4D4252C635300D7A883 /* PlaceModel.swift */,
				44AE6B602530512400B22D3B /* StorageManager.swift */,
				44DAB4D2252C5D4F00D7A883 /* CustomTableViewCell.swift */,
				44AE6B6225382BCB00B22D3B /* RatingControl.swift */,
				44DAB4C2252B434A00D7A883 /* Main.storyboard */,
				44DAB4C5252B434C00D7A883 /* Assets.xcassets */,
				44DAB4C7252B434C00D7A883 /* LaunchScreen.storyboard */,
				44DAB4CA252B434C00D7A883 /* Info.plist */,
			);
			path = MyPleces;
			sourceTree = "<group>";
		};
		57DD42328299B317C15E05EF /* Frameworks */ = {
			isa = PBXGroup;
			children = (
				C13927D1B423C69C6346FF53 /* Pods_MyPleces.framework */,
			);
			name = Frameworks;
			sourceTree = "<group>";
		};
		F3A7703F92F0E046D4D9CCD9 /* Pods */ = {
			isa = PBXGroup;
			children = (
				87B07496E20AC1DA4F197B97 /* Pods-MyPleces.debug.xcconfig */,
				2DFFBD1A25C7E67CD9BEC07C /* Pods-MyPleces.release.xcconfig */,
			);
			path = Pods;
			sourceTree = "<group>";
		};
/* End PBXGroup section */

/* Begin PBXNativeTarget section */
		44DAB4B8252B434900D7A883 /* MyPleces */ = {
			isa = PBXNativeTarget;
			buildConfigurationList = 44DAB4CD252B434C00D7A883 /* Build configuration list for PBXNativeTarget "MyPleces" */;
			buildPhases = (
				0126FCB586ECFC8C6BD0F563 /* [CP] Check Pods Manifest.lock */,
				44DAB4B5252B434900D7A883 /* Sources */,
				44DAB4B6252B434900D7A883 /* Frameworks */,
				44DAB4B7252B434900D7A883 /* Resources */,
				97640BD174B8B8E977113456 /* [CP] Embed Pods Frameworks */,
			);
			buildRules = (
			);
			dependencies = (
			);
			name = MyPleces;
			productName = MyPleces;
			productReference = 44DAB4B9252B434900D7A883 /* MyPleces.app */;
			productType = "com.apple.product-type.application";
		};
/* End PBXNativeTarget section */

/* Begin PBXProject section */
		44DAB4B1252B434900D7A883 /* Project object */ = {
			isa = PBXProject;
			attributes = {
				LastSwiftUpdateCheck = 1170;
				LastUpgradeCheck = 1170;
				ORGANIZATIONNAME = "Никита Коголенок";
				TargetAttributes = {
					44DAB4B8252B434900D7A883 = {
						CreatedOnToolsVersion = 11.7;
					};
				};
			};
			buildConfigurationList = 44DAB4B4252B434900D7A883 /* Build configuration list for PBXProject "MyPleces" */;
			compatibilityVersion = "Xcode 9.3";
			developmentRegion = en;
			hasScannedForEncodings = 0;
			knownRegions = (
				en,
				Base,
			);
			mainGroup = 44DAB4B0252B434900D7A883;
			productRefGroup = 44DAB4BA252B434900D7A883 /* Products */;
			projectDirPath = "";
			projectRoot = "";
			targets = (
				44DAB4B8252B434900D7A883 /* MyPleces */,
			);
		};
/* End PBXProject section */

/* Begin PBXResourcesBuildPhase section */
		44DAB4B7252B434900D7A883 /* Resources */ = {
			isa = PBXResourcesBuildPhase;
			buildActionMask = 2147483647;
			files = (
				44DAB4C9252B434C00D7A883 /* LaunchScreen.storyboard in Resources */,
				44DAB4C6252B434C00D7A883 /* Assets.xcassets in Resources */,
				44DAB4C4252B434A00D7A883 /* Main.storyboard in Resources */,
			);
			runOnlyForDeploymentPostprocessing = 0;
		};
/* End PBXResourcesBuildPhase section */

/* Begin PBXShellScriptBuildPhase section */
		0126FCB586ECFC8C6BD0F563 /* [CP] Check Pods Manifest.lock */ = {
			isa = PBXShellScriptBuildPhase;
			buildActionMask = 2147483647;
			files = (
			);
			inputFileListPaths = (
			);
			inputPaths = (
				"${PODS_PODFILE_DIR_PATH}/Podfile.lock",
				"${PODS_ROOT}/Manifest.lock",
			);
			name = "[CP] Check Pods Manifest.lock";
			outputFileListPaths = (
			);
			outputPaths = (
				"$(DERIVED_FILE_DIR)/Pods-MyPleces-checkManifestLockResult.txt",
			);
			runOnlyForDeploymentPostprocessing = 0;
			shellPath = /bin/sh;
			shellScript = "diff \"${PODS_PODFILE_DIR_PATH}/Podfile.lock\" \"${PODS_ROOT}/Manifest.lock\" > /dev/null\nif [ $? != 0 ] ; then\n    # print error to STDERR\n    echo \"error: The sandbox is not in sync with the Podfile.lock. Run 'pod install' or update your CocoaPods installation.\" >&2\n    exit 1\nfi\n# This output is used by Xcode 'outputs' to avoid re-running this script phase.\necho \"SUCCESS\" > \"${SCRIPT_OUTPUT_FILE_0}\"\n";
			showEnvVarsInLog = 0;
		};
		97640BD174B8B8E977113456 /* [CP] Embed Pods Frameworks */ = {
			isa = PBXShellScriptBuildPhase;
			buildActionMask = 2147483647;
			files = (
			);
			inputFileListPaths = (
				"${PODS_ROOT}/Target Support Files/Pods-MyPleces/Pods-MyPleces-frameworks-${CONFIGURATION}-input-files.xcfilelist",
			);
			name = "[CP] Embed Pods Frameworks";
			outputFileListPaths = (
				"${PODS_ROOT}/Target Support Files/Pods-MyPleces/Pods-MyPleces-frameworks-${CONFIGURATION}-output-files.xcfilelist",
			);
			runOnlyForDeploymentPostprocessing = 0;
			shellPath = /bin/sh;
			shellScript = "\"${PODS_ROOT}/Target Support Files/Pods-MyPleces/Pods-MyPleces-frameworks.sh\"\n";
			showEnvVarsInLog = 0;
		};
/* End PBXShellScriptBuildPhase section */

/* Begin PBXSourcesBuildPhase section */
		44DAB4B5252B434900D7A883 /* Sources */ = {
			isa = PBXSourcesBuildPhase;
			buildActionMask = 2147483647;
			files = (
				44DAB4D1252B472800D7A883 /* MainViewController.swift in Sources */,
				44DAB4D7252C923200D7A883 /* NewPlaceViewController.swift in Sources */,
				44DAB4BD252B434900D7A883 /* AppDelegate.swift in Sources */,
				44AE6B612530512400B22D3B /* StorageManager.swift in Sources */,
				44B1855225387C830096CAD5 /* MapViewController.swift in Sources */,
				44AE6B6325382BCB00B22D3B /* RatingControl.swift in Sources */,
				44DAB4D5252C635300D7A883 /* PlaceModel.swift in Sources */,
				44DAB4D3252C5D4F00D7A883 /* CustomTableViewCell.swift in Sources */,
				44DAB4BF252B434900D7A883 /* SceneDelegate.swift in Sources */,
			);
			runOnlyForDeploymentPostprocessing = 0;
		};
/* End PBXSourcesBuildPhase section */

/* Begin PBXVariantGroup section */
		44DAB4C2252B434A00D7A883 /* Main.storyboard */ = {
			isa = PBXVariantGroup;
			children = (
				44DAB4C3252B434A00D7A883 /* Base */,
			);
			name = Main.storyboard;
			sourceTree = "<group>";
		};
		44DAB4C7252B434C00D7A883 /* LaunchScreen.storyboard */ = {
			isa = PBXVariantGroup;
			children = (
				44DAB4C8252B434C00D7A883 /* Base */,
			);
			name = LaunchScreen.storyboard;
			sourceTree = "<group>";
		};
/* End PBXVariantGroup section */

/* Begin XCBuildConfiguration section */
		44DAB4CB252B434C00D7A883 /* Debug */ = {
			isa = XCBuildConfiguration;
			buildSettings = {
				ALWAYS_SEARCH_USER_PATHS = NO;
				CLANG_ANALYZER_NONNULL = YES;
				CLANG_ANALYZER_NUMBER_OBJECT_CONVERSION = YES_AGGRESSIVE;
				CLANG_CXX_LANGUAGE_STANDARD = "gnu++14";
				CLANG_CXX_LIBRARY = "libc++";
				CLANG_ENABLE_MODULES = YES;
				CLANG_ENABLE_OBJC_ARC = YES;
				CLANG_ENABLE_OBJC_WEAK = YES;
				CLANG_WARN_BLOCK_CAPTURE_AUTORELEASING = YES;
				CLANG_WARN_BOOL_CONVERSION = YES;
				CLANG_WARN_COMMA = YES;
				CLANG_WARN_CONSTANT_CONVERSION = YES;
				CLANG_WARN_DEPRECATED_OBJC_IMPLEMENTATIONS = YES;
				CLANG_WARN_DIRECT_OBJC_ISA_USAGE = YES_ERROR;
				CLANG_WARN_DOCUMENTATION_COMMENTS = YES;
				CLANG_WARN_EMPTY_BODY = YES;
				CLANG_WARN_ENUM_CONVERSION = YES;
				CLANG_WARN_INFINITE_RECURSION = YES;
				CLANG_WARN_INT_CONVERSION = YES;
				CLANG_WARN_NON_LITERAL_NULL_CONVERSION = YES;
				CLANG_WARN_OBJC_IMPLICIT_RETAIN_SELF = YES;
				CLANG_WARN_OBJC_LITERAL_CONVERSION = YES;
				CLANG_WARN_OBJC_ROOT_CLASS = YES_ERROR;
				CLANG_WARN_RANGE_LOOP_ANALYSIS = YES;
				CLANG_WARN_STRICT_PROTOTYPES = YES;
				CLANG_WARN_SUSPICIOUS_MOVE = YES;
				CLANG_WARN_UNGUARDED_AVAILABILITY = YES_AGGRESSIVE;
				CLANG_WARN_UNREACHABLE_CODE = YES;
				CLANG_WARN__DUPLICATE_METHOD_MATCH = YES;
				COPY_PHASE_STRIP = NO;
				DEBUG_INFORMATION_FORMAT = dwarf;
				ENABLE_STRICT_OBJC_MSGSEND = YES;
				ENABLE_TESTABILITY = YES;
				GCC_C_LANGUAGE_STANDARD = gnu11;
				GCC_DYNAMIC_NO_PIC = NO;
				GCC_NO_COMMON_BLOCKS = YES;
				GCC_OPTIMIZATION_LEVEL = 0;
				GCC_PREPROCESSOR_DEFINITIONS = (
					"DEBUG=1",
					"$(inherited)",
				);
				GCC_WARN_64_TO_32_BIT_CONVERSION = YES;
				GCC_WARN_ABOUT_RETURN_TYPE = YES_ERROR;
				GCC_WARN_UNDECLARED_SELECTOR = YES;
				GCC_WARN_UNINITIALIZED_AUTOS = YES_AGGRESSIVE;
				GCC_WARN_UNUSED_FUNCTION = YES;
				GCC_WARN_UNUSED_VARIABLE = YES;
				IPHONEOS_DEPLOYMENT_TARGET = 13.7;
				MTL_ENABLE_DEBUG_INFO = INCLUDE_SOURCE;
				MTL_FAST_MATH = YES;
				ONLY_ACTIVE_ARCH = YES;
				SDKROOT = iphoneos;
				SWIFT_ACTIVE_COMPILATION_CONDITIONS = DEBUG;
				SWIFT_OPTIMIZATION_LEVEL = "-Onone";
			};
			name = Debug;
		};
		44DAB4CC252B434C00D7A883 /* Release */ = {
			isa = XCBuildConfiguration;
			buildSettings = {
				ALWAYS_SEARCH_USER_PATHS = NO;
				CLANG_ANALYZER_NONNULL = YES;
				CLANG_ANALYZER_NUMBER_OBJECT_CONVERSION = YES_AGGRESSIVE;
				CLANG_CXX_LANGUAGE_STANDARD = "gnu++14";
				CLANG_CXX_LIBRARY = "libc++";
				CLANG_ENABLE_MODULES = YES;
				CLANG_ENABLE_OBJC_ARC = YES;
				CLANG_ENABLE_OBJC_WEAK = YES;
				CLANG_WARN_BLOCK_CAPTURE_AUTORELEASING = YES;
				CLANG_WARN_BOOL_CONVERSION = YES;
				CLANG_WARN_COMMA = YES;
				CLANG_WARN_CONSTANT_CONVERSION = YES;
				CLANG_WARN_DEPRECATED_OBJC_IMPLEMENTATIONS = YES;
				CLANG_WARN_DIRECT_OBJC_ISA_USAGE = YES_ERROR;
				CLANG_WARN_DOCUMENTATION_COMMENTS = YES;
				CLANG_WARN_EMPTY_BODY = YES;
				CLANG_WARN_ENUM_CONVERSION = YES;
				CLANG_WARN_INFINITE_RECURSION = YES;
				CLANG_WARN_INT_CONVERSION = YES;
				CLANG_WARN_NON_LITERAL_NULL_CONVERSION = YES;
				CLANG_WARN_OBJC_IMPLICIT_RETAIN_SELF = YES;
				CLANG_WARN_OBJC_LITERAL_CONVERSION = YES;
				CLANG_WARN_OBJC_ROOT_CLASS = YES_ERROR;
				CLANG_WARN_RANGE_LOOP_ANALYSIS = YES;
				CLANG_WARN_STRICT_PROTOTYPES = YES;
				CLANG_WARN_SUSPICIOUS_MOVE = YES;
				CLANG_WARN_UNGUARDED_AVAILABILITY = YES_AGGRESSIVE;
				CLANG_WARN_UNREACHABLE_CODE = YES;
				CLANG_WARN__DUPLICATE_METHOD_MATCH = YES;
				COPY_PHASE_STRIP = NO;
				DEBUG_INFORMATION_FORMAT = "dwarf-with-dsym";
				ENABLE_NS_ASSERTIONS = NO;
				ENABLE_STRICT_OBJC_MSGSEND = YES;
				GCC_C_LANGUAGE_STANDARD = gnu11;
				GCC_NO_COMMON_BLOCKS = YES;
				GCC_WARN_64_TO_32_BIT_CONVERSION = YES;
				GCC_WARN_ABOUT_RETURN_TYPE = YES_ERROR;
				GCC_WARN_UNDECLARED_SELECTOR = YES;
				GCC_WARN_UNINITIALIZED_AUTOS = YES_AGGRESSIVE;
				GCC_WARN_UNUSED_FUNCTION = YES;
				GCC_WARN_UNUSED_VARIABLE = YES;
				IPHONEOS_DEPLOYMENT_TARGET = 13.7;
				MTL_ENABLE_DEBUG_INFO = NO;
				MTL_FAST_MATH = YES;
				SDKROOT = iphoneos;
				SWIFT_COMPILATION_MODE = wholemodule;
				SWIFT_OPTIMIZATION_LEVEL = "-O";
				VALIDATE_PRODUCT = YES;
			};
			name = Release;
		};
		44DAB4CE252B434C00D7A883 /* Debug */ = {
			isa = XCBuildConfiguration;
			baseConfigurationReference = 87B07496E20AC1DA4F197B97 /* Pods-MyPleces.debug.xcconfig */;
			buildSettings = {
				ASSETCATALOG_COMPILER_APPICON_NAME = AppIcon;
				CODE_SIGN_STYLE = Automatic;
				DEVELOPMENT_TEAM = 84N4PJWN7L;
				INFOPLIST_FILE = MyPleces/Info.plist;
				IPHONEOS_DEPLOYMENT_TARGET = 13.7;
				LD_RUNPATH_SEARCH_PATHS = (
					"$(inherited)",
					"@executable_path/Frameworks",
				);
				PRODUCT_BUNDLE_IDENTIFIER = Nikita.MyPleces;
				PRODUCT_NAME = "$(TARGET_NAME)";
				SWIFT_VERSION = 5.0;
				TARGETED_DEVICE_FAMILY = "1,2";
			};
			name = Debug;
		};
		44DAB4CF252B434C00D7A883 /* Release */ = {
			isa = XCBuildConfiguration;
			baseConfigurationReference = 2DFFBD1A25C7E67CD9BEC07C /* Pods-MyPleces.release.xcconfig */;
			buildSettings = {
				ASSETCATALOG_COMPILER_APPICON_NAME = AppIcon;
				CODE_SIGN_STYLE = Automatic;
				DEVELOPMENT_TEAM = 84N4PJWN7L;
				INFOPLIST_FILE = MyPleces/Info.plist;
				IPHONEOS_DEPLOYMENT_TARGET = 13.7;
				LD_RUNPATH_SEARCH_PATHS = (
					"$(inherited)",
					"@executable_path/Frameworks",
				);
				PRODUCT_BUNDLE_IDENTIFIER = Nikita.MyPleces;
				PRODUCT_NAME = "$(TARGET_NAME)";
				SWIFT_VERSION = 5.0;
				TARGETED_DEVICE_FAMILY = "1,2";
			};
			name = Release;
		};
/* End XCBuildConfiguration section */

/* Begin XCConfigurationList section */
		44DAB4B4252B434900D7A883 /* Build configuration list for PBXProject "MyPleces" */ = {
			isa = XCConfigurationList;
			buildConfigurations = (
				44DAB4CB252B434C00D7A883 /* Debug */,
				44DAB4CC252B434C00D7A883 /* Release */,
			);
			defaultConfigurationIsVisible = 0;
			defaultConfigurationName = Release;
		};
		44DAB4CD252B434C00D7A883 /* Build configuration list for PBXNativeTarget "MyPleces" */ = {
			isa = XCConfigurationList;
			buildConfigurations = (
				44DAB4CE252B434C00D7A883 /* Debug */,
				44DAB4CF252B434C00D7A883 /* Release */,
			);
			defaultConfigurationIsVisible = 0;
			defaultConfigurationName = Release;
		};
/* End XCConfigurationList section */
	};
	rootObject = 44DAB4B1252B434900D7A883 /* Project object */;
}
